
Microsoft Visual Studio Solution File, Format Version 12.00
# Visual Studio 14
VisualStudioVersion = 14.0.23107.0
MinimumVisualStudioVersion = 10.0.40219.1
Project("{FAE04EC0-301F-11D3-BF4B-00C04F79EFBC}") = "Diagram", "Diagram\Diagram.csproj", "{89B60141-CEDB-4ED5-A7A8-412A4E1340C3}"
EndProject
Project("{FAE04EC0-301F-11D3-BF4B-00C04F79EFBC}") = "ITI.Skylord.ModelTest", "ITI.Skylord.ModelTest\ITI.Skylord.ModelTest.csproj", "{D9E29326-AF90-4C11-A7A5-689FB6240FB6}"
EndProject
Global
	GlobalSection(SolutionConfigurationPlatforms) = preSolution
		Debug|Any CPU = Debug|Any CPU
		Release|Any CPU = Release|Any CPU
	EndGlobalSection
	GlobalSection(ProjectConfigurationPlatforms) = postSolution
		{89B60141-CEDB-4ED5-A7A8-412A4E1340C3}.Debug|Any CPU.ActiveCfg = Debug|Any CPU
		{89B60141-CEDB-4ED5-A7A8-412A4E1340C3}.Debug|Any CPU.Build.0 = Debug|Any CPU
		{89B60141-CEDB-4ED5-A7A8-412A4E1340C3}.Release|Any CPU.ActiveCfg = Release|Any CPU
		{89B60141-CEDB-4ED5-A7A8-412A4E1340C3}.Release|Any CPU.Build.0 = Release|Any CPU
		{D9E29326-AF90-4C11-A7A5-689FB6240FB6}.Debug|Any CPU.ActiveCfg = Debug|Any CPU
		{D9E29326-AF90-4C11-A7A5-689FB6240FB6}.Debug|Any CPU.Build.0 = Debug|Any CPU
		{D9E29326-AF90-4C11-A7A5-689FB6240FB6}.Release|Any CPU.ActiveCfg = Release|Any CPU
		{D9E29326-AF90-4C11-A7A5-689FB6240FB6}.Release|Any CPU.Build.0 = Release|Any CPU
	EndGlobalSection
	GlobalSection(SolutionProperties) = preSolution
		HideSolutionNode = FALSE
	EndGlobalSection
EndGlobal
